{
  "name": "tqr",
  "lockfileVersion": 2,
  "requires": true,
  "packages": {
    "": {
      "dependencies": {
        "node-json-db": "^1.5.0"
      }
    },
    "node_modules/mkdirp": {
      "version": "1.0.4",
      "resolved": "https://registry.npmjs.org/mkdirp/-/mkdirp-1.0.4.tgz",
      "integrity": "sha512-vVqVZQyf3WLx2Shd0qJ9xuvqgAyKPLAiqITEtqW0oIUjzo3PePDd6fW9iFz30ef7Ysp/oiWqbhszeGWW2T6Gzw==",
      "bin": {
        "mkdirp": "bin/cmd.js"
      },
      "engines": {
        "node": ">=10"
      }
    },
    "node_modules/node-json-db": {
      "version": "1.5.0",
      "resolved": "https://registry.npmjs.org/node-json-db/-/node-json-db-1.5.0.tgz",
      "integrity": "sha512-nDD+NgmKE5gxhC9d/MNUmm4NjzKnPRN7uIG6Z167+SVfK2vEVTiKw9ca05/6PLxQAUFP3VOL86K5nPsapFP94w==",
      "dependencies": {
        "mkdirp": "~1.0.4"
      }
    }
  },
  "dependencies": {
    "mkdirp": {
      "version": "1.0.4",
      "resolved": "https://registry.npmjs.org/mkdirp/-/mkdirp-1.0.4.tgz",
      "integrity": "sha512-vVqVZQyf3WLx2Shd0qJ9xuvqgAyKPLAiqITEtqW0oIUjzo3PePDd6fW9iFz30ef7Ysp/oiWqbhszeGWW2T6Gzw=="
    },
    "node-json-db": {
      "version": "1.5.0",
      "resolved": "https://registry.npmjs.org/node-json-db/-/node-json-db-1.5.0.tgz",
      "integrity": "sha512-nDD+NgmKE5gxhC9d/MNUmm4NjzKnPRN7uIG6Z167+SVfK2vEVTiKw9ca05/6PLxQAUFP3VOL86K5nPsapFP94w==",
      "requires": {
        "mkdirp": "~1.0.4"
      }
    }
  }
}
